
Microsoft Visual Studio Solution File, Format Version 12.00
# Visual Studio Version 17
VisualStudioVersion = 17.11.35208.52
MinimumVisualStudioVersion = 10.0.40219.1
Project("{9A19103F-16F7-4668-BE54-9A1E7A4F7556}") = "CommunityToolkit.Mvvm.Demo", "CommunityToolkit.Mvvm.Demo\CommunityToolkit.Mvvm.Demo.csproj", "{C778CA85-702D-4F46-93FA-FAF1AC6D5D0F}"
EndProject
Project("{FAE04EC0-301F-11D3-BF4B-00C04F79EFBC}") = "LayUI.Wpf.CommunityToolkit.Mvvm", "LayUI.Wpf.CommunityToolkit.Mvvm\LayUI.Wpf.CommunityToolkit.Mvvm.csproj", "{8668257E-4744-4484-96BD-79940CD70972}"
EndProject
Global
	GlobalSection(SolutionConfigurationPlatforms) = preSolution
		Debug|Any CPU = Debug|Any CPU
		Release|Any CPU = Release|Any CPU
	EndGlobalSection
	GlobalSection(ProjectConfigurationPlatforms) = postSolution
		{C778CA85-702D-4F46-93FA-FAF1AC6D5D0F}.Debug|Any CPU.ActiveCfg = Debug|Any CPU
		{C778CA85-702D-4F46-93FA-FAF1AC6D5D0F}.Debug|Any CPU.Build.0 = Debug|Any CPU
		{C778CA85-702D-4F46-93FA-FAF1AC6D5D0F}.Release|Any CPU.ActiveCfg = Release|Any CPU
		{C778CA85-702D-4F46-93FA-FAF1AC6D5D0F}.Release|Any CPU.Build.0 = Release|Any CPU
		{8668257E-4744-4484-96BD-79940CD70972}.Debug|Any CPU.ActiveCfg = Debug|Any CPU
		{8668257E-4744-4484-96BD-79940CD70972}.Debug|Any CPU.Build.0 = Debug|Any CPU
		{8668257E-4744-4484-96BD-79940CD70972}.Release|Any CPU.ActiveCfg = Release|Any CPU
		{8668257E-4744-4484-96BD-79940CD70972}.Release|Any CPU.Build.0 = Release|Any CPU
	EndGlobalSection
	GlobalSection(SolutionProperties) = preSolution
		HideSolutionNode = FALSE
	EndGlobalSection
	GlobalSection(ExtensibilityGlobals) = postSolution
		SolutionGuid = {A13E818B-D5C3-4C42-B355-841DA790592C}
	EndGlobalSection
EndGlobal
